// !$*UTF8*$!
{
	archiveVersion = 1;
	classes = {
	};
	objectVersion = 46;
	objects = {

/* Begin PBXBuildFile section */
		35861B0F1ED1679400B6CAD7 /* main.m in Sources */ = {isa = PBXBuildFile; fileRef = 35861B0E1ED1679400B6CAD7 /* main.m */; };
		35861B121ED1679400B6CAD7 /* AppDelegate.m in Sources */ = {isa = PBXBuildFile; fileRef = 35861B111ED1679400B6CAD7 /* AppDelegate.m */; };
		35861B151ED1679400B6CAD7 /* ViewController.m in Sources */ = {isa = PBXBuildFile; fileRef = 35861B141ED1679400B6CAD7 /* ViewController.m */; };
		35861B181ED1679400B6CAD7 /* Main.storyboard in Resources */ = {isa = PBXBuildFile; fileRef = 35861B161ED1679400B6CAD7 /* Main.storyboard */; };
		35861B1A1ED1679400B6CAD7 /* Assets.xcassets in Resources */ = {isa = PBXBuildFile; fileRef = 35861B191ED1679400B6CAD7 /* Assets.xcassets */; };
		35861B1D1ED1679400B6CAD7 /* LaunchScreen.storyboard in Resources */ = {isa = PBXBuildFile; fileRef = 35861B1B1ED1679400B6CAD7 /* LaunchScreen.storyboard */; };
		35861B241ED168D000B6CAD7 /* EditViewController.m in Sources */ = {isa = PBXBuildFile; fileRef = 35861B231ED168D000B6CAD7 /* EditViewController.m */; };
		359367971EB3237500CEC431 /* main.m in Sources */ = {isa = PBXBuildFile; fileRef = 359367961EB3237500CEC431 /* main.m */; };
		359368001EB5DB9700CEC431 /* main.m in Sources */ = {isa = PBXBuildFile; fileRef = 359367FF1EB5DB9700CEC431 /* main.m */; };
		35997D8A1EB1826B0021D1E5 /* main.m in Sources */ = {isa = PBXBuildFile; fileRef = 35997D891EB1826B0021D1E5 /* main.m */; };
		35997D8D1EB1826B0021D1E5 /* AppDelegate.m in Sources */ = {isa = PBXBuildFile; fileRef = 35997D8C1EB1826B0021D1E5 /* AppDelegate.m */; };
		35997D901EB1826B0021D1E5 /* ViewController.m in Sources */ = {isa = PBXBuildFile; fileRef = 35997D8F1EB1826B0021D1E5 /* ViewController.m */; };
		35997D931EB1826B0021D1E5 /* Main.storyboard in Resources */ = {isa = PBXBuildFile; fileRef = 35997D911EB1826B0021D1E5 /* Main.storyboard */; };
		35997D951EB1826B0021D1E5 /* Assets.xcassets in Resources */ = {isa = PBXBuildFile; fileRef = 35997D941EB1826B0021D1E5 /* Assets.xcassets */; };
		35997D981EB1826B0021D1E5 /* LaunchScreen.storyboard in Resources */ = {isa = PBXBuildFile; fileRef = 35997D961EB1826B0021D1E5 /* LaunchScreen.storyboard */; };
		35997DA61EB18A4A0021D1E5 /* main.m in Sources */ = {isa = PBXBuildFile; fileRef = 35997DA51EB18A4A0021D1E5 /* main.m */; };
/* End PBXBuildFile section */

/* Begin PBXCopyFilesBuildPhase section */
		359367921EB3237500CEC431 /* CopyFiles */ = {
			isa = PBXCopyFilesBuildPhase;
			buildActionMask = 2147483647;
			dstPath = /usr/share/man/man1/;
			dstSubfolderSpec = 0;
			files = (
			);
			runOnlyForDeploymentPostprocessing = 1;
		};
		359367FB1EB5DB9700CEC431 /* CopyFiles */ = {
			isa = PBXCopyFilesBuildPhase;
			buildActionMask = 2147483647;
			dstPath = /usr/share/man/man1/;
			dstSubfolderSpec = 0;
			files = (
			);
			runOnlyForDeploymentPostprocessing = 1;
		};
		35997DA11EB18A490021D1E5 /* CopyFiles */ = {
			isa = PBXCopyFilesBuildPhase;
			buildActionMask = 2147483647;
			dstPath = /usr/share/man/man1/;
			dstSubfolderSpec = 0;
			files = (
			);
			runOnlyForDeploymentPostprocessing = 1;
		};
/* End PBXCopyFilesBuildPhase section */

/* Begin PBXFileReference section */
		35861B0B1ED1679400B6CAD7 /* 视图控制器反向传值.app */ = {isa = PBXFileReference; explicitFileType = wrapper.application; includeInIndex = 0; path = "视图控制器反向传值.app"; sourceTree = BUILT_PRODUCTS_DIR; };
		35861B0E1ED1679400B6CAD7 /* main.m */ = {isa = PBXFileReference; lastKnownFileType = sourcecode.c.objc; path = main.m; sourceTree = "<group>"; };
		35861B101ED1679400B6CAD7 /* AppDelegate.h */ = {isa = PBXFileReference; lastKnownFileType = sourcecode.c.h; path = AppDelegate.h; sourceTree = "<group>"; };
		35861B111ED1679400B6CAD7 /* AppDelegate.m */ = {isa = PBXFileReference; lastKnownFileType = sourcecode.c.objc; path = AppDelegate.m; sourceTree = "<group>"; };
		35861B131ED1679400B6CAD7 /* ViewController.h */ = {isa = PBXFileReference; lastKnownFileType = sourcecode.c.h; path = ViewController.h; sourceTree = "<group>"; };
		35861B141ED1679400B6CAD7 /* ViewController.m */ = {isa = PBXFileReference; lastKnownFileType = sourcecode.c.objc; path = ViewController.m; sourceTree = "<group>"; };
		35861B171ED1679400B6CAD7 /* Base */ = {isa = PBXFileReference; lastKnownFileType = file.storyboard; name = Base; path = Base.lproj/Main.storyboard; sourceTree = "<group>"; };
		35861B191ED1679400B6CAD7 /* Assets.xcassets */ = {isa = PBXFileReference; lastKnownFileType = folder.assetcatalog; path = Assets.xcassets; sourceTree = "<group>"; };
		35861B1C1ED1679400B6CAD7 /* Base */ = {isa = PBXFileReference; lastKnownFileType = file.storyboard; name = Base; path = Base.lproj/LaunchScreen.storyboard; sourceTree = "<group>"; };
		35861B1E1ED1679400B6CAD7 /* Info.plist */ = {isa = PBXFileReference; lastKnownFileType = text.plist.xml; path = Info.plist; sourceTree = "<group>"; };
		35861B221ED168D000B6CAD7 /* EditViewController.h */ = {isa = PBXFileReference; fileEncoding = 4; lastKnownFileType = sourcecode.c.h; name = EditViewController.h; path = ../BlockSummary/EditViewController.h; sourceTree = "<group>"; };
		35861B231ED168D000B6CAD7 /* EditViewController.m */ = {isa = PBXFileReference; fileEncoding = 4; lastKnownFileType = sourcecode.c.objc; name = EditViewController.m; path = ../BlockSummary/EditViewController.m; sourceTree = "<group>"; };
		359367941EB3237500CEC431 /* BlockTypeDef */ = {isa = PBXFileReference; explicitFileType = "compiled.mach-o.executable"; includeInIndex = 0; path = BlockTypeDef; sourceTree = BUILT_PRODUCTS_DIR; };
		359367961EB3237500CEC431 /* main.m */ = {isa = PBXFileReference; lastKnownFileType = sourcecode.c.objc; path = main.m; sourceTree = "<group>"; };
		359367FD1EB5DB9700CEC431 /* BlockAsFunctionParam */ = {isa = PBXFileReference; explicitFileType = "compiled.mach-o.executable"; includeInIndex = 0; path = BlockAsFunctionParam; sourceTree = BUILT_PRODUCTS_DIR; };
		359367FF1EB5DB9700CEC431 /* main.m */ = {isa = PBXFileReference; lastKnownFileType = sourcecode.c.objc; path = main.m; sourceTree = "<group>"; };
		35997D851EB1826B0021D1E5 /* BlockSummary.app */ = {isa = PBXFileReference; explicitFileType = wrapper.application; includeInIndex = 0; path = BlockSummary.app; sourceTree = BUILT_PRODUCTS_DIR; };
		35997D891EB1826B0021D1E5 /* main.m */ = {isa = PBXFileReference; lastKnownFileType = sourcecode.c.objc; path = main.m; sourceTree = "<group>"; };
		35997D8B1EB1826B0021D1E5 /* AppDelegate.h */ = {isa = PBXFileReference; lastKnownFileType = sourcecode.c.h; path = AppDelegate.h; sourceTree = "<group>"; };
		35997D8C1EB1826B0021D1E5 /* AppDelegate.m */ = {isa = PBXFileReference; lastKnownFileType = sourcecode.c.objc; path = AppDelegate.m; sourceTree = "<group>"; };
		35997D8E1EB1826B0021D1E5 /* ViewController.h */ = {isa = PBXFileReference; lastKnownFileType = sourcecode.c.h; path = ViewController.h; sourceTree = "<group>"; };
		35997D8F1EB1826B0021D1E5 /* ViewController.m */ = {isa = PBXFileReference; lastKnownFileType = sourcecode.c.objc; path = ViewController.m; sourceTree = "<group>"; };
		35997D921EB1826B0021D1E5 /* Base */ = {isa = PBXFileReference; lastKnownFileType = file.storyboard; name = Base; path = Base.lproj/Main.storyboard; sourceTree = "<group>"; };
		35997D941EB1826B0021D1E5 /* Assets.xcassets */ = {isa = PBXFileReference; lastKnownFileType = folder.assetcatalog; path = Assets.xcassets; sourceTree = "<group>"; };
		35997D971EB1826B0021D1E5 /* Base */ = {isa = PBXFileReference; lastKnownFileType = file.storyboard; name = Base; path = Base.lproj/LaunchScreen.storyboard; sourceTree = "<group>"; };
		35997D991EB1826B0021D1E5 /* Info.plist */ = {isa = PBXFileReference; lastKnownFileType = text.plist.xml; path = Info.plist; sourceTree = "<group>"; };
		35997DA31EB18A490021D1E5 /* BlockDemo */ = {isa = PBXFileReference; explicitFileType = "compiled.mach-o.executable"; includeInIndex = 0; path = BlockDemo; sourceTree = BUILT_PRODUCTS_DIR; };
		35997DA51EB18A4A0021D1E5 /* main.m */ = {isa = PBXFileReference; lastKnownFileType = sourcecode.c.objc; path = main.m; sourceTree = "<group>"; };
/* End PBXFileReference section */

/* Begin PBXFrameworksBuildPhase section */
		35861B081ED1679400B6CAD7 /* Frameworks */ = {
			isa = PBXFrameworksBuildPhase;
			buildActionMask = 2147483647;
			files = (
			);
			runOnlyForDeploymentPostprocessing = 0;
		};
		359367911EB3237500CEC431 /* Frameworks */ = {
			isa = PBXFrameworksBuildPhase;
			buildActionMask = 2147483647;
			files = (
			);
			runOnlyForDeploymentPostprocessing = 0;
		};
		359367FA1EB5DB9700CEC431 /* Frameworks */ = {
			isa = PBXFrameworksBuildPhase;
			buildActionMask = 2147483647;
			files = (
			);
			runOnlyForDeploymentPostprocessing = 0;
		};
		35997D821EB1826B0021D1E5 /* Frameworks */ = {
			isa = PBXFrameworksBuildPhase;
			buildActionMask = 2147483647;
			files = (
			);
			runOnlyForDeploymentPostprocessing = 0;
		};
		35997DA01EB18A490021D1E5 /* Frameworks */ = {
			isa = PBXFrameworksBuildPhase;
			buildActionMask = 2147483647;
			files = (
			);
			runOnlyForDeploymentPostprocessing = 0;
		};
/* End PBXFrameworksBuildPhase section */

/* Begin PBXGroup section */
		35861B0C1ED1679400B6CAD7 /* 视图控制器反向传值 */ = {
			isa = PBXGroup;
			children = (
				35861B221ED168D000B6CAD7 /* EditViewController.h */,
				35861B231ED168D000B6CAD7 /* EditViewController.m */,
				35861B101ED1679400B6CAD7 /* AppDelegate.h */,
				35861B111ED1679400B6CAD7 /* AppDelegate.m */,
				35861B131ED1679400B6CAD7 /* ViewController.h */,
				35861B141ED1679400B6CAD7 /* ViewController.m */,
				35861B161ED1679400B6CAD7 /* Main.storyboard */,
				35861B191ED1679400B6CAD7 /* Assets.xcassets */,
				35861B1B1ED1679400B6CAD7 /* LaunchScreen.storyboard */,
				35861B1E1ED1679400B6CAD7 /* Info.plist */,
				35861B0D1ED1679400B6CAD7 /* Supporting Files */,
			);
			path = "视图控制器反向传值";
			sourceTree = "<group>";
		};
		35861B0D1ED1679400B6CAD7 /* Supporting Files */ = {
			isa = PBXGroup;
			children = (
				35861B0E1ED1679400B6CAD7 /* main.m */,
			);
			name = "Supporting Files";
			sourceTree = "<group>";
		};
		359367951EB3237500CEC431 /* BlockTypeDef */ = {
			isa = PBXGroup;
			children = (
				359367961EB3237500CEC431 /* main.m */,
			);
			path = BlockTypeDef;
			sourceTree = "<group>";
		};
		359367FE1EB5DB9700CEC431 /* BlockAsFunctionParam */ = {
			isa = PBXGroup;
			children = (
				359367FF1EB5DB9700CEC431 /* main.m */,
			);
			path = BlockAsFunctionParam;
			sourceTree = "<group>";
		};
		35997D7C1EB1826B0021D1E5 = {
			isa = PBXGroup;
			children = (
				35997D871EB1826B0021D1E5 /* BlockSummary */,
				35997DA41EB18A4A0021D1E5 /* BlockDemo */,
				359367951EB3237500CEC431 /* BlockTypeDef */,
				359367FE1EB5DB9700CEC431 /* BlockAsFunctionParam */,
				35861B0C1ED1679400B6CAD7 /* 视图控制器反向传值 */,
				35997D861EB1826B0021D1E5 /* Products */,
			);
			sourceTree = "<group>";
		};
		35997D861EB1826B0021D1E5 /* Products */ = {
			isa = PBXGroup;
			children = (
				35997D851EB1826B0021D1E5 /* BlockSummary.app */,
				35997DA31EB18A490021D1E5 /* BlockDemo */,
				359367941EB3237500CEC431 /* BlockTypeDef */,
				359367FD1EB5DB9700CEC431 /* BlockAsFunctionParam */,
				35861B0B1ED1679400B6CAD7 /* 视图控制器反向传值.app */,
			);
			name = Products;
			sourceTree = "<group>";
		};
		35997D871EB1826B0021D1E5 /* BlockSummary */ = {
			isa = PBXGroup;
			children = (
				35997D8B1EB1826B0021D1E5 /* AppDelegate.h */,
				35997D8C1EB1826B0021D1E5 /* AppDelegate.m */,
				35997D8E1EB1826B0021D1E5 /* ViewController.h */,
				35997D8F1EB1826B0021D1E5 /* ViewController.m */,
				35997D911EB1826B0021D1E5 /* Main.storyboard */,
				35997D941EB1826B0021D1E5 /* Assets.xcassets */,
				35997D961EB1826B0021D1E5 /* LaunchScreen.storyboard */,
				35997D991EB1826B0021D1E5 /* Info.plist */,
				35997D881EB1826B0021D1E5 /* Supporting Files */,
			);
			path = BlockSummary;
			sourceTree = "<group>";
		};
		35997D881EB1826B0021D1E5 /* Supporting Files */ = {
			isa = PBXGroup;
			children = (
				35997D891EB1826B0021D1E5 /* main.m */,
			);
			name = "Supporting Files";
			sourceTree = "<group>";
		};
		35997DA41EB18A4A0021D1E5 /* BlockDemo */ = {
			isa = PBXGroup;
			children = (
				35997DA51EB18A4A0021D1E5 /* main.m */,
			);
			path = BlockDemo;
			sourceTree = "<group>";
		};
/* End PBXGroup section */

/* Begin PBXNativeTarget section */
		35861B0A1ED1679400B6CAD7 /* 视图控制器反向传值 */ = {
			isa = PBXNativeTarget;
			buildConfigurationList = 35861B211ED1679400B6CAD7 /* Build configuration list for PBXNativeTarget "视图控制器反向传值" */;
			buildPhases = (
				35861B071ED1679400B6CAD7 /* Sources */,
				35861B081ED1679400B6CAD7 /* Frameworks */,
				35861B091ED1679400B6CAD7 /* Resources */,
			);
			buildRules = (
			);
			dependencies = (
			);
			name = "视图控制器反向传值";
			productName = "视图控制器反向传值";
			productReference = 35861B0B1ED1679400B6CAD7 /* 视图控制器反向传值.app */;
			productType = "com.apple.product-type.application";
		};
		359367931EB3237500CEC431 /* BlockTypeDef */ = {
			isa = PBXNativeTarget;
			buildConfigurationList = 3593679A1EB3237500CEC431 /* Build configuration list for PBXNativeTarget "BlockTypeDef" */;
			buildPhases = (
				359367901EB3237500CEC431 /* Sources */,
				359367911EB3237500CEC431 /* Frameworks */,
				359367921EB3237500CEC431 /* CopyFiles */,
			);
			buildRules = (
			);
			dependencies = (
			);
			name = BlockTypeDef;
			productName = BlockTypeDef;
			productReference = 359367941EB3237500CEC431 /* BlockTypeDef */;
			productType = "com.apple.product-type.tool";
		};
		359367FC1EB5DB9700CEC431 /* BlockAsFunctionParam */ = {
			isa = PBXNativeTarget;
			buildConfigurationList = 359368031EB5DB9700CEC431 /* Build configuration list for PBXNativeTarget "BlockAsFunctionParam" */;
			buildPhases = (
				359367F91EB5DB9700CEC431 /* Sources */,
				359367FA1EB5DB9700CEC431 /* Frameworks */,
				359367FB1EB5DB9700CEC431 /* CopyFiles */,
			);
			buildRules = (
			);
			dependencies = (
			);
			name = BlockAsFunctionParam;
			productName = BlockAsFunctionParam;
			productReference = 359367FD1EB5DB9700CEC431 /* BlockAsFunctionParam */;
			productType = "com.apple.product-type.tool";
		};
		35997D841EB1826B0021D1E5 /* BlockSummary */ = {
			isa = PBXNativeTarget;
			buildConfigurationList = 35997D9C1EB1826B0021D1E5 /* Build configuration list for PBXNativeTarget "BlockSummary" */;
			buildPhases = (
				35997D811EB1826B0021D1E5 /* Sources */,
				35997D821EB1826B0021D1E5 /* Frameworks */,
				35997D831EB1826B0021D1E5 /* Resources */,
			);
			buildRules = (
			);
			dependencies = (
			);
			name = BlockSummary;
			productName = BlockSummary;
			productReference = 35997D851EB1826B0021D1E5 /* BlockSummary.app */;
			productType = "com.apple.product-type.application";
		};
		35997DA21EB18A490021D1E5 /* BlockDemo */ = {
			isa = PBXNativeTarget;
			buildConfigurationList = 35997DA71EB18A4A0021D1E5 /* Build configuration list for PBXNativeTarget "BlockDemo" */;
			buildPhases = (
				35997D9F1EB18A490021D1E5 /* Sources */,
				35997DA01EB18A490021D1E5 /* Frameworks */,
				35997DA11EB18A490021D1E5 /* CopyFiles */,
			);
			buildRules = (
			);
			dependencies = (
			);
			name = BlockDemo;
			productName = BlockDemo;
			productReference = 35997DA31EB18A490021D1E5 /* BlockDemo */;
			productType = "com.apple.product-type.tool";
		};
/* End PBXNativeTarget section */

/* Begin PBXProject section */
		35997D7D1EB1826B0021D1E5 /* Project object */ = {
			isa = PBXProject;
			attributes = {
				LastUpgradeCheck = 0830;
				ORGANIZATIONNAME = chen;
				TargetAttributes = {
					35861B0A1ED1679400B6CAD7 = {
						CreatedOnToolsVersion = 8.2;
						DevelopmentTeam = FFJNMLHK32;
						ProvisioningStyle = Automatic;
					};
					359367931EB3237500CEC431 = {
						CreatedOnToolsVersion = 8.3.1;
						DevelopmentTeam = FFJNMLHK32;
						ProvisioningStyle = Automatic;
					};
					359367FC1EB5DB9700CEC431 = {
						CreatedOnToolsVersion = 8.3.1;
						DevelopmentTeam = FFJNMLHK32;
						ProvisioningStyle = Automatic;
					};
					35997D841EB1826B0021D1E5 = {
						CreatedOnToolsVersion = 8.3.1;
						DevelopmentTeam = FFJNMLHK32;
						ProvisioningStyle = Automatic;
					};
					35997DA21EB18A490021D1E5 = {
						CreatedOnToolsVersion = 8.3.1;
						DevelopmentTeam = FFJNMLHK32;
						ProvisioningStyle = Automatic;
					};
				};
			};
			buildConfigurationList = 35997D801EB1826B0021D1E5 /* Build configuration list for PBXProject "BlockSummary" */;
			compatibilityVersion = "Xcode 3.2";
			developmentRegion = English;
			hasScannedForEncodings = 0;
			knownRegions = (
				en,
				Base,
			);
			mainGroup = 35997D7C1EB1826B0021D1E5;
			productRefGroup = 35997D861EB1826B0021D1E5 /* Products */;
			projectDirPath = "";
			projectRoot = "";
			targets = (
				35997D841EB1826B0021D1E5 /* BlockSummary */,
				35997DA21EB18A490021D1E5 /* BlockDemo */,
				359367931EB3237500CEC431 /* BlockTypeDef */,
				359367FC1EB5DB9700CEC431 /* BlockAsFunctionParam */,
				35861B0A1ED1679400B6CAD7 /* 视图控制器反向传值 */,
			);
		};
/* End PBXProject section */

/* Begin PBXResourcesBuildPhase section */
		35861B091ED1679400B6CAD7 /* Resources */ = {
			isa = PBXResourcesBuildPhase;
			buildActionMask = 2147483647;
			files = (
				35861B1D1ED1679400B6CAD7 /* LaunchScreen.storyboard in Resources */,
				35861B1A1ED1679400B6CAD7 /* Assets.xcassets in Resources */,
				35861B181ED1679400B6CAD7 /* Main.storyboard in Resources */,
			);
			runOnlyForDeploymentPostprocessing = 0;
		};
		35997D831EB1826B0021D1E5 /* Resources */ = {
			isa = PBXResourcesBuildPhase;
			buildActionMask = 2147483647;
			files = (
				35997D981EB1826B0021D1E5 /* LaunchScreen.storyboard in Resources */,
				35997D951EB1826B0021D1E5 /* Assets.xcassets in Resources */,
				35997D931EB1826B0021D1E5 /* Main.storyboard in Resources */,
			);
			runOnlyForDeploymentPostprocessing = 0;
		};
/* End PBXResourcesBuildPhase section */

/* Begin PBXSourcesBuildPhase section */
		35861B071ED1679400B6CAD7 /* Sources */ = {
			isa = PBXSourcesBuildPhase;
			buildActionMask = 2147483647;
			files = (
				35861B241ED168D000B6CAD7 /* EditViewController.m in Sources */,
				35861B151ED1679400B6CAD7 /* ViewController.m in Sources */,
				35861B121ED1679400B6CAD7 /* AppDelegate.m in Sources */,
				35861B0F1ED1679400B6CAD7 /* main.m in Sources */,
			);
			runOnlyForDeploymentPostprocessing = 0;
		};
		359367901EB3237500CEC431 /* Sources */ = {
			isa = PBXSourcesBuildPhase;
			buildActionMask = 2147483647;
			files = (
				359367971EB3237500CEC431 /* main.m in Sources */,
			);
			runOnlyForDeploymentPostprocessing = 0;
		};
		359367F91EB5DB9700CEC431 /* Sources */ = {
			isa = PBXSourcesBuildPhase;
			buildActionMask = 2147483647;
			files = (
				359368001EB5DB9700CEC431 /* main.m in Sources */,
			);
			runOnlyForDeploymentPostprocessing = 0;
		};
		35997D811EB1826B0021D1E5 /* Sources */ = {
			isa = PBXSourcesBuildPhase;
			buildActionMask = 2147483647;
			files = (
				35997D901EB1826B0021D1E5 /* ViewController.m in Sources */,
				35997D8D1EB1826B0021D1E5 /* AppDelegate.m in Sources */,
				35997D8A1EB1826B0021D1E5 /* main.m in Sources */,
			);
			runOnlyForDeploymentPostprocessing = 0;
		};
		35997D9F1EB18A490021D1E5 /* Sources */ = {
			isa = PBXSourcesBuildPhase;
			buildActionMask = 2147483647;
			files = (
				35997DA61EB18A4A0021D1E5 /* main.m in Sources */,
			);
			runOnlyForDeploymentPostprocessing = 0;
		};
/* End PBXSourcesBuildPhase section */

/* Begin PBXVariantGroup section */
		35861B161ED1679400B6CAD7 /* Main.storyboard */ = {
			isa = PBXVariantGroup;
			children = (
				35861B171ED1679400B6CAD7 /* Base */,
			);
			name = Main.storyboard;
			sourceTree = "<group>";
		};
		35861B1B1ED1679400B6CAD7 /* LaunchScreen.storyboard */ = {
			isa = PBXVariantGroup;
			children = (
				35861B1C1ED1679400B6CAD7 /* Base */,
			);
			name = LaunchScreen.storyboard;
			sourceTree = "<group>";
		};
		35997D911EB1826B0021D1E5 /* Main.storyboard */ = {
			isa = PBXVariantGroup;
			children = (
				35997D921EB1826B0021D1E5 /* Base */,
			);
			name = Main.storyboard;
			sourceTree = "<group>";
		};
		35997D961EB1826B0021D1E5 /* LaunchScreen.storyboard */ = {
			isa = PBXVariantGroup;
			children = (
				35997D971EB1826B0021D1E5 /* Base */,
			);
			name = LaunchScreen.storyboard;
			sourceTree = "<group>";
		};
/* End PBXVariantGroup section */

/* Begin XCBuildConfiguration section */
		35861B1F1ED1679400B6CAD7 /* Debug */ = {
			isa = XCBuildConfiguration;
			buildSettings = {
				ASSETCATALOG_COMPILER_APPICON_NAME = AppIcon;
				DEVELOPMENT_TEAM = FFJNMLHK32;
				INFOPLIST_FILE = "视图控制器反向传值/Info.plist";
				IPHONEOS_DEPLOYMENT_TARGET = 10.2;
				LD_RUNPATH_SEARCH_PATHS = "$(inherited) @executable_path/Frameworks";
				PRODUCT_BUNDLE_IDENTIFIER = "com.damai.iphone.---------";
				PRODUCT_NAME = "$(TARGET_NAME)";
			};
			name = Debug;
		};
		35861B201ED1679400B6CAD7 /* Release */ = {
			isa = XCBuildConfiguration;
			buildSettings = {
				ASSETCATALOG_COMPILER_APPICON_NAME = AppIcon;
				DEVELOPMENT_TEAM = FFJNMLHK32;
				INFOPLIST_FILE = "视图控制器反向传值/Info.plist";
				IPHONEOS_DEPLOYMENT_TARGET = 10.2;
				LD_RUNPATH_SEARCH_PATHS = "$(inherited) @executable_path/Frameworks";
				PRODUCT_BUNDLE_IDENTIFIER = "com.damai.iphone.---------";
				PRODUCT_NAME = "$(TARGET_NAME)";
			};
			name = Release;
		};
		359367981EB3237500CEC431 /* Debug */ = {
			isa = XCBuildConfiguration;
			buildSettings = {
				CODE_SIGN_IDENTITY = "-";
				DEVELOPMENT_TEAM = FFJNMLHK32;
				MACOSX_DEPLOYMENT_TARGET = 10.12;
				PRODUCT_NAME = "$(TARGET_NAME)";
				SDKROOT = macosx;
			};
			name = Debug;
		};
		359367991EB3237500CEC431 /* Release */ = {
			isa = XCBuildConfiguration;
			buildSettings = {
				CODE_SIGN_IDENTITY = "-";
				DEVELOPMENT_TEAM = FFJNMLHK32;
				MACOSX_DEPLOYMENT_TARGET = 10.12;
				PRODUCT_NAME = "$(TARGET_NAME)";
				SDKROOT = macosx;
			};
			name = Release;
		};
		359368011EB5DB9700CEC431 /* Debug */ = {
			isa = XCBuildConfiguration;
			buildSettings = {
				CODE_SIGN_IDENTITY = "-";
				DEVELOPMENT_TEAM = FFJNMLHK32;
				MACOSX_DEPLOYMENT_TARGET = 10.12;
				PRODUCT_NAME = "$(TARGET_NAME)";
				SDKROOT = macosx;
			};
			name = Debug;
		};
		359368021EB5DB9700CEC431 /* Release */ = {
			isa = XCBuildConfiguration;
			buildSettings = {
				CODE_SIGN_IDENTITY = "-";
				DEVELOPMENT_TEAM = FFJNMLHK32;
				MACOSX_DEPLOYMENT_TARGET = 10.12;
				PRODUCT_NAME = "$(TARGET_NAME)";
				SDKROOT = macosx;
			};
			name = Release;
		};
		35997D9A1EB1826B0021D1E5 /* Debug */ = {
			isa = XCBuildConfiguration;
			buildSettings = {
				ALWAYS_SEARCH_USER_PATHS = NO;
				CLANG_ANALYZER_NONNULL = YES;
				CLANG_ANALYZER_NUMBER_OBJECT_CONVERSION = YES_AGGRESSIVE;
				CLANG_CXX_LANGUAGE_STANDARD = "gnu++0x";
				CLANG_CXX_LIBRARY = "libc++";
				CLANG_ENABLE_MODULES = YES;
				CLANG_ENABLE_OBJC_ARC = YES;
				CLANG_WARN_BOOL_CONVERSION = YES;
				CLANG_WARN_CONSTANT_CONVERSION = YES;
				CLANG_WARN_DIRECT_OBJC_ISA_USAGE = YES_ERROR;
				CLANG_WARN_DOCUMENTATION_COMMENTS = YES;
				CLANG_WARN_EMPTY_BODY = YES;
				CLANG_WARN_ENUM_CONVERSION = YES;
				CLANG_WARN_INFINITE_RECURSION = YES;
				CLANG_WARN_INT_CONVERSION = YES;
				CLANG_WARN_OBJC_ROOT_CLASS = YES_ERROR;
				CLANG_WARN_SUSPICIOUS_MOVE = YES;
				CLANG_WARN_UNREACHABLE_CODE = YES;
				CLANG_WARN__DUPLICATE_METHOD_MATCH = YES;
				"CODE_SIGN_IDENTITY[sdk=iphoneos*]" = "iPhone Developer";
				COPY_PHASE_STRIP = NO;
				DEBUG_INFORMATION_FORMAT = dwarf;
				ENABLE_STRICT_OBJC_MSGSEND = YES;
				ENABLE_TESTABILITY = YES;
				GCC_C_LANGUAGE_STANDARD = gnu99;
				GCC_DYNAMIC_NO_PIC = NO;
				GCC_NO_COMMON_BLOCKS = YES;
				GCC_OPTIMIZATION_LEVEL = 0;
				GCC_PREPROCESSOR_DEFINITIONS = (
					"DEBUG=1",
					"$(inherited)",
				);
				GCC_WARN_64_TO_32_BIT_CONVERSION = YES;
				GCC_WARN_ABOUT_RETURN_TYPE = YES_ERROR;
				GCC_WARN_UNDECLARED_SELECTOR = YES;
				GCC_WARN_UNINITIALIZED_AUTOS = YES_AGGRESSIVE;
				GCC_WARN_UNUSED_FUNCTION = YES;
				GCC_WARN_UNUSED_VARIABLE = YES;
				IPHONEOS_DEPLOYMENT_TARGET = 10.3;
				MTL_ENABLE_DEBUG_INFO = YES;
				ONLY_ACTIVE_ARCH = YES;
				SDKROOT = iphoneos;
			};
			name = Debug;
		};
		35997D9B1EB1826B0021D1E5 /* Release */ = {
			isa = XCBuildConfiguration;
			buildSettings = {
				ALWAYS_SEARCH_USER_PATHS = NO;
				CLANG_ANALYZER_NONNULL = YES;
				CLANG_ANALYZER_NUMBER_OBJECT_CONVERSION = YES_AGGRESSIVE;
				CLANG_CXX_LANGUAGE_STANDARD = "gnu++0x";
				CLANG_CXX_LIBRARY = "libc++";
				CLANG_ENABLE_MODULES = YES;
				CLANG_ENABLE_OBJC_ARC = YES;
				CLANG_WARN_BOOL_CONVERSION = YES;
				CLANG_WARN_CONSTANT_CONVERSION = YES;
				CLANG_WARN_DIRECT_OBJC_ISA_USAGE = YES_ERROR;
				CLANG_WARN_DOCUMENTATION_COMMENTS = YES;
				CLANG_WARN_EMPTY_BODY = YES;
				CLANG_WARN_ENUM_CONVERSION = YES;
				CLANG_WARN_INFINITE_RECURSION = YES;
				CLANG_WARN_INT_CONVERSION = YES;
				CLANG_WARN_OBJC_ROOT_CLASS = YES_ERROR;
				CLANG_WARN_SUSPICIOUS_MOVE = YES;
				CLANG_WARN_UNREACHABLE_CODE = YES;
				CLANG_WARN__DUPLICATE_METHOD_MATCH = YES;
				"CODE_SIGN_IDENTITY[sdk=iphoneos*]" = "iPhone Developer";
				COPY_PHASE_STRIP = NO;
				DEBUG_INFORMATION_FORMAT = "dwarf-with-dsym";
				ENABLE_NS_ASSERTIONS = NO;
				ENABLE_STRICT_OBJC_MSGSEND = YES;
				GCC_C_LANGUAGE_STANDARD = gnu99;
				GCC_NO_COMMON_BLOCKS = YES;
				GCC_WARN_64_TO_32_BIT_CONVERSION = YES;
				GCC_WARN_ABOUT_RETURN_TYPE = YES_ERROR;
				GCC_WARN_UNDECLARED_SELECTOR = YES;
				GCC_WARN_UNINITIALIZED_AUTOS = YES_AGGRESSIVE;
				GCC_WARN_UNUSED_FUNCTION = YES;
				GCC_WARN_UNUSED_VARIABLE = YES;
				IPHONEOS_DEPLOYMENT_TARGET = 10.3;
				MTL_ENABLE_DEBUG_INFO = NO;
				SDKROOT = iphoneos;
				VALIDATE_PRODUCT = YES;
			};
			name = Release;
		};
		35997D9D1EB1826B0021D1E5 /* Debug */ = {
			isa = XCBuildConfiguration;
			buildSettings = {
				ASSETCATALOG_COMPILER_APPICON_NAME = AppIcon;
				DEVELOPMENT_TEAM = FFJNMLHK32;
				INFOPLIST_FILE = BlockSummary/Info.plist;
				LD_RUNPATH_SEARCH_PATHS = "$(inherited) @executable_path/Frameworks";
				PRODUCT_BUNDLE_IDENTIFIER = com.damai.iphone.BlockSummary;
				PRODUCT_NAME = "$(TARGET_NAME)";
			};
			name = Debug;
		};
		35997D9E1EB1826B0021D1E5 /* Release */ = {
			isa = XCBuildConfiguration;
			buildSettings = {
				ASSETCATALOG_COMPILER_APPICON_NAME = AppIcon;
				DEVELOPMENT_TEAM = FFJNMLHK32;
				INFOPLIST_FILE = BlockSummary/Info.plist;
				LD_RUNPATH_SEARCH_PATHS = "$(inherited) @executable_path/Frameworks";
				PRODUCT_BUNDLE_IDENTIFIER = com.damai.iphone.BlockSummary;
				PRODUCT_NAME = "$(TARGET_NAME)";
			};
			name = Release;
		};
		35997DA81EB18A4A0021D1E5 /* Debug */ = {
			isa = XCBuildConfiguration;
			buildSettings = {
				CODE_SIGN_IDENTITY = "-";
				DEVELOPMENT_TEAM = FFJNMLHK32;
				MACOSX_DEPLOYMENT_TARGET = 10.12;
				PRODUCT_NAME = "$(TARGET_NAME)";
				SDKROOT = macosx;
			};
			name = Debug;
		};
		35997DA91EB18A4A0021D1E5 /* Release */ = {
			isa = XCBuildConfiguration;
			buildSettings = {
				CODE_SIGN_IDENTITY = "-";
				DEVELOPMENT_TEAM = FFJNMLHK32;
				MACOSX_DEPLOYMENT_TARGET = 10.12;
				PRODUCT_NAME = "$(TARGET_NAME)";
				SDKROOT = macosx;
			};
			name = Release;
		};
/* End XCBuildConfiguration section */

/* Begin XCConfigurationList section */
		35861B211ED1679400B6CAD7 /* Build configuration list for PBXNativeTarget "视图控制器反向传值" */ = {
			isa = XCConfigurationList;
			buildConfigurations = (
				35861B1F1ED1679400B6CAD7 /* Debug */,
				35861B201ED1679400B6CAD7 /* Release */,
			);
			defaultConfigurationIsVisible = 0;
		};
		3593679A1EB3237500CEC431 /* Build configuration list for PBXNativeTarget "BlockTypeDef" */ = {
			isa = XCConfigurationList;
			buildConfigurations = (
				359367981EB3237500CEC431 /* Debug */,
				359367991EB3237500CEC431 /* Release */,
			);
			defaultConfigurationIsVisible = 0;
			defaultConfigurationName = Release;
		};
		359368031EB5DB9700CEC431 /* Build configuration list for PBXNativeTarget "BlockAsFunctionParam" */ = {
			isa = XCConfigurationList;
			buildConfigurations = (
				359368011EB5DB9700CEC431 /* Debug */,
				359368021EB5DB9700CEC431 /* Release */,
			);
			defaultConfigurationIsVisible = 0;
			defaultConfigurationName = Release;
		};
		35997D801EB1826B0021D1E5 /* Build configuration list for PBXProject "BlockSummary" */ = {
			isa = XCConfigurationList;
			buildConfigurations = (
				35997D9A1EB1826B0021D1E5 /* Debug */,
				35997D9B1EB1826B0021D1E5 /* Release */,
			);
			defaultConfigurationIsVisible = 0;
			defaultConfigurationName = Release;
		};
		35997D9C1EB1826B0021D1E5 /* Build configuration list for PBXNativeTarget "BlockSummary" */ = {
			isa = XCConfigurationList;
			buildConfigurations = (
				35997D9D1EB1826B0021D1E5 /* Debug */,
				35997D9E1EB1826B0021D1E5 /* Release */,
			);
			defaultConfigurationIsVisible = 0;
			defaultConfigurationName = Release;
		};
		35997DA71EB18A4A0021D1E5 /* Build configuration list for PBXNativeTarget "BlockDemo" */ = {
			isa = XCConfigurationList;
			buildConfigurations = (
				35997DA81EB18A4A0021D1E5 /* Debug */,
				35997DA91EB18A4A0021D1E5 /* Release */,
			);
			defaultConfigurationIsVisible = 0;
			defaultConfigurationName = Release;
		};
/* End XCConfigurationList section */
	};
	rootObject = 35997D7D1EB1826B0021D1E5 /* Project object */;
}
